
Microsoft Visual Studio Solution File, Format Version 12.00
Project("{F2A71F9B-5D33-465A-A702-920D77279786}") = "Pippel.Tyche.Bet.Api", "Pippel.Tyche.Bet.Api.fsproj", "{792A802E-9D7E-4A69-B76A-8AED8B33B6FD}"
EndProject
Project("{F2A71F9B-5D33-465A-A702-920D77279786}") = "Pippel.Core", "..\Pippel.Core\Pippel.Core.fsproj", "{DF0C44E8-FD8B-436D-BE65-D8CA664F096E}"
EndProject
Project("{F2A71F9B-5D33-465A-A702-920D77279786}") = "Pippel.Type", "..\Pippel.Type\Pippel.Type.fsproj", "{9C46BA00-03F0-4DD7-95A1-1CFF11283950}"
EndProject
Project("{F2A71F9B-5D33-465A-A702-920D77279786}") = "Pippel.Data", "..\Pippel.Data\Pippel.Data.fsproj", "{EC7EE007-1494-4A45-AFA2-F39336A22232}"
EndProject
Project("{F2A71F9B-5D33-465A-A702-920D77279786}") = "Pippel.Tyche.Bet", "..\Pippel.Tyche.Bet\Pippel.Tyche.Bet.fsproj", "{1B086493-D106-4FC8-9033-B5E46BB2D70D}"
EndProject
Global
	GlobalSection(SolutionConfigurationPlatforms) = preSolution
		Debug|Any CPU = Debug|Any CPU
		Release|Any CPU = Release|Any CPU
	EndGlobalSection
	GlobalSection(ProjectConfigurationPlatforms) = postSolution
		{792A802E-9D7E-4A69-B76A-8AED8B33B6FD}.Debug|Any CPU.ActiveCfg = Debug|Any CPU
		{792A802E-9D7E-4A69-B76A-8AED8B33B6FD}.Debug|Any CPU.Build.0 = Debug|Any CPU
		{792A802E-9D7E-4A69-B76A-8AED8B33B6FD}.Release|Any CPU.ActiveCfg = Release|Any CPU
		{792A802E-9D7E-4A69-B76A-8AED8B33B6FD}.Release|Any CPU.Build.0 = Release|Any CPU
		{DF0C44E8-FD8B-436D-BE65-D8CA664F096E}.Debug|Any CPU.ActiveCfg = Debug|Any CPU
		{DF0C44E8-FD8B-436D-BE65-D8CA664F096E}.Debug|Any CPU.Build.0 = Debug|Any CPU
		{DF0C44E8-FD8B-436D-BE65-D8CA664F096E}.Release|Any CPU.ActiveCfg = Release|Any CPU
		{DF0C44E8-FD8B-436D-BE65-D8CA664F096E}.Release|Any CPU.Build.0 = Release|Any CPU
		{9C46BA00-03F0-4DD7-95A1-1CFF11283950}.Debug|Any CPU.ActiveCfg = Debug|Any CPU
		{9C46BA00-03F0-4DD7-95A1-1CFF11283950}.Debug|Any CPU.Build.0 = Debug|Any CPU
		{9C46BA00-03F0-4DD7-95A1-1CFF11283950}.Release|Any CPU.ActiveCfg = Release|Any CPU
		{9C46BA00-03F0-4DD7-95A1-1CFF11283950}.Release|Any CPU.Build.0 = Release|Any CPU
		{EC7EE007-1494-4A45-AFA2-F39336A22232}.Debug|Any CPU.ActiveCfg = Debug|Any CPU
		{EC7EE007-1494-4A45-AFA2-F39336A22232}.Debug|Any CPU.Build.0 = Debug|Any CPU
		{EC7EE007-1494-4A45-AFA2-F39336A22232}.Release|Any CPU.ActiveCfg = Release|Any CPU
		{EC7EE007-1494-4A45-AFA2-F39336A22232}.Release|Any CPU.Build.0 = Release|Any CPU
		{1B086493-D106-4FC8-9033-B5E46BB2D70D}.Debug|Any CPU.ActiveCfg = Debug|Any CPU
		{1B086493-D106-4FC8-9033-B5E46BB2D70D}.Debug|Any CPU.Build.0 = Debug|Any CPU
		{1B086493-D106-4FC8-9033-B5E46BB2D70D}.Release|Any CPU.ActiveCfg = Release|Any CPU
		{1B086493-D106-4FC8-9033-B5E46BB2D70D}.Release|Any CPU.Build.0 = Release|Any CPU
	EndGlobalSection
EndGlobal
