
Microsoft Visual Studio Solution File, Format Version 12.00
# Visual Studio Version 16
VisualStudioVersion = 16.0.808.6
MinimumVisualStudioVersion = 10.0.40219.1
Project("{F2A71F9B-5D33-465A-A702-920D77279786}") = "Pippel.Tyche.Bet", "Pippel.Tyche.Bet.fsproj", "{6BE32419-12A8-435D-A1DC-163891EC9AA5}"
EndProject
Global
	GlobalSection(SolutionConfigurationPlatforms) = preSolution
		Debug|Any CPU = Debug|Any CPU
		Release|Any CPU = Release|Any CPU
	EndGlobalSection
	GlobalSection(ProjectConfigurationPlatforms) = postSolution
		{6BE32419-12A8-435D-A1DC-163891EC9AA5}.Debug|Any CPU.ActiveCfg = Debug|Any CPU
		{6BE32419-12A8-435D-A1DC-163891EC9AA5}.Debug|Any CPU.Build.0 = Debug|Any CPU
		{6BE32419-12A8-435D-A1DC-163891EC9AA5}.Release|Any CPU.ActiveCfg = Release|Any CPU
		{6BE32419-12A8-435D-A1DC-163891EC9AA5}.Release|Any CPU.Build.0 = Release|Any CPU
	EndGlobalSection
	GlobalSection(SolutionProperties) = preSolution
		HideSolutionNode = FALSE
	EndGlobalSection
	GlobalSection(ExtensibilityGlobals) = postSolution
		SolutionGuid = {1A43839D-E11A-4269-8A14-E2C99018FC00}
	EndGlobalSection
EndGlobal
