
Microsoft Visual Studio Solution File, Format Version 12.00
Project("{F2A71F9B-5D33-465A-A702-920D77279786}") = "Pippel.Tyche.Bet", "Pippel.Tyche.Bet\Pippel.Tyche.Bet.fsproj", "{00962D23-F7B2-46BC-BDDA-4F9B7FB439A2}"
EndProject
Project("{F2A71F9B-5D33-465A-A702-920D77279786}") = "Pippel.Core", "..\Pippel.Core\Pippel.Core\Pippel.Core.fsproj", "{ADC133E3-CB5A-4F56-859A-DE9D176E22F4}"
EndProject
Project("{F2A71F9B-5D33-465A-A702-920D77279786}") = "Pippel.Core.Test", "..\Pippel.Core\Pippel.Core.Test\Pippel.Core.Test.fsproj", "{A61280C2-0A70-4377-8EB2-02F17E8453DD}"
EndProject
Project("{F2A71F9B-5D33-465A-A702-920D77279786}") = "Pippel.Data", "..\Pippel.Data\Pippel.Data\Pippel.Data.fsproj", "{1202DD73-C9FC-43BE-8809-352C2470F50F}"
EndProject
Project("{F2A71F9B-5D33-465A-A702-920D77279786}") = "Pippel.Data.Test", "..\Pippel.Data\Pippel.Data.Test\Pippel.Data.Test.fsproj", "{45D22BB4-23B1-48A0-A07C-FB020E047B83}"
EndProject
Project("{F2A71F9B-5D33-465A-A702-920D77279786}") = "Pippel.Type", "..\Pippel.Type\Pippel.Type\Pippel.Type.fsproj", "{2830A46A-B0E7-4A29-9344-BD6757BF03A4}"
EndProject
Project("{F2A71F9B-5D33-465A-A702-920D77279786}") = "Pippel.Type.Test", "..\Pippel.Type\Pippel.Type.Test\Pippel.Type.Test.fsproj", "{B8AB7007-11E4-40D2-90DC-56AB79FCE0EF}"
EndProject
Global
	GlobalSection(SolutionConfigurationPlatforms) = preSolution
		Debug|Any CPU = Debug|Any CPU
		Release|Any CPU = Release|Any CPU
	EndGlobalSection
	GlobalSection(ProjectConfigurationPlatforms) = postSolution
		{00962D23-F7B2-46BC-BDDA-4F9B7FB439A2}.Debug|Any CPU.ActiveCfg = Debug|Any CPU
		{00962D23-F7B2-46BC-BDDA-4F9B7FB439A2}.Debug|Any CPU.Build.0 = Debug|Any CPU
		{00962D23-F7B2-46BC-BDDA-4F9B7FB439A2}.Release|Any CPU.ActiveCfg = Release|Any CPU
		{00962D23-F7B2-46BC-BDDA-4F9B7FB439A2}.Release|Any CPU.Build.0 = Release|Any CPU
		{ADC133E3-CB5A-4F56-859A-DE9D176E22F4}.Debug|Any CPU.ActiveCfg = Debug|Any CPU
		{ADC133E3-CB5A-4F56-859A-DE9D176E22F4}.Debug|Any CPU.Build.0 = Debug|Any CPU
		{ADC133E3-CB5A-4F56-859A-DE9D176E22F4}.Release|Any CPU.ActiveCfg = Release|Any CPU
		{ADC133E3-CB5A-4F56-859A-DE9D176E22F4}.Release|Any CPU.Build.0 = Release|Any CPU
		{A61280C2-0A70-4377-8EB2-02F17E8453DD}.Debug|Any CPU.ActiveCfg = Debug|Any CPU
		{A61280C2-0A70-4377-8EB2-02F17E8453DD}.Debug|Any CPU.Build.0 = Debug|Any CPU
		{A61280C2-0A70-4377-8EB2-02F17E8453DD}.Release|Any CPU.ActiveCfg = Release|Any CPU
		{A61280C2-0A70-4377-8EB2-02F17E8453DD}.Release|Any CPU.Build.0 = Release|Any CPU
		{1202DD73-C9FC-43BE-8809-352C2470F50F}.Debug|Any CPU.ActiveCfg = Debug|Any CPU
		{1202DD73-C9FC-43BE-8809-352C2470F50F}.Debug|Any CPU.Build.0 = Debug|Any CPU
		{1202DD73-C9FC-43BE-8809-352C2470F50F}.Release|Any CPU.ActiveCfg = Release|Any CPU
		{1202DD73-C9FC-43BE-8809-352C2470F50F}.Release|Any CPU.Build.0 = Release|Any CPU
		{45D22BB4-23B1-48A0-A07C-FB020E047B83}.Debug|Any CPU.ActiveCfg = Debug|Any CPU
		{45D22BB4-23B1-48A0-A07C-FB020E047B83}.Debug|Any CPU.Build.0 = Debug|Any CPU
		{45D22BB4-23B1-48A0-A07C-FB020E047B83}.Release|Any CPU.ActiveCfg = Release|Any CPU
		{45D22BB4-23B1-48A0-A07C-FB020E047B83}.Release|Any CPU.Build.0 = Release|Any CPU
		{2830A46A-B0E7-4A29-9344-BD6757BF03A4}.Debug|Any CPU.ActiveCfg = Debug|Any CPU
		{2830A46A-B0E7-4A29-9344-BD6757BF03A4}.Debug|Any CPU.Build.0 = Debug|Any CPU
		{2830A46A-B0E7-4A29-9344-BD6757BF03A4}.Release|Any CPU.ActiveCfg = Release|Any CPU
		{2830A46A-B0E7-4A29-9344-BD6757BF03A4}.Release|Any CPU.Build.0 = Release|Any CPU
		{B8AB7007-11E4-40D2-90DC-56AB79FCE0EF}.Debug|Any CPU.ActiveCfg = Debug|Any CPU
		{B8AB7007-11E4-40D2-90DC-56AB79FCE0EF}.Debug|Any CPU.Build.0 = Debug|Any CPU
		{B8AB7007-11E4-40D2-90DC-56AB79FCE0EF}.Release|Any CPU.ActiveCfg = Release|Any CPU
		{B8AB7007-11E4-40D2-90DC-56AB79FCE0EF}.Release|Any CPU.Build.0 = Release|Any CPU
	EndGlobalSection
EndGlobal
